[renv]
Version=0.5.0-61

[R]
Version=3.6.0
Repositories=
	CRAN=https://cran.rstudio.com/

[Bioconductor]
Repositories=BioCsoft=https://bioconductor.org/packages/3.9/bioc
	BioCann=https://bioconductor.org/packages/3.9/data/annotation
	BioCexp=https://bioconductor.org/packages/3.9/data/experiment
	BioCworkflows=https://bioconductor.org/packages/3.9/workflows
	CRAN=https://cran.rstudio.com/

[R/Package/BH]
Package=BH
Version=1.69.0-1
Source=CRAN
Hash=0fde015f5153e51df44981da0767f522

[R/Package/DBI]
Package=DBI
Version=1.0.0
Source=CRAN
Hash=f2a1f420905c749eaace62b42b3a5e4a

[R/Package/KernSmooth]
Package=KernSmooth
Version=2.23-15
Source=CRAN
Hash=1abaf80e4ce51c982446637b6cf236bb

[R/Package/MASS]
Package=MASS
Version=7.3-51.4
Source=CRAN
Hash=a489ad42493fa9bfac8f3e3a3bc7d4ca

[R/Package/Matrix]
Package=Matrix
Version=1.2-17
Source=CRAN
Hash=62a0a8a6af8cdc0a32e5a69fb03ebfe9

[R/Package/R6]
Package=R6
Version=2.4.0
Source=CRAN
Hash=92b50d943a7c76c67918c1e1beb68627

[R/Package/RColorBrewer]
Package=RColorBrewer
Version=1.1-2
Source=CRAN
Hash=f8a3bcc800d613797f1dfdf8ef4f0bfc

[R/Package/Rcpp]
Package=Rcpp
Version=1.0.1
Source=CRAN
Hash=94bf4b635dd6abac1765cff90ba98235

[R/Package/abind]
Package=abind
Version=1.4-5
Source=CRAN
Hash=14cdb8eed4adcbe6e463b0dd82bd778c

[R/Package/askpass]
Package=askpass
Version=1.1
Source=CRAN
Hash=46678e19f261db289be40292d8e5d5bf

[R/Package/assertthat]
Package=assertthat
Version=0.2.1
Source=CRAN
Hash=19fb3d0ad048b4eb1a05cacffbae1f66

[R/Package/backports]
Package=backports
Version=1.1.4
Source=CRAN
Hash=2a78bf0825e0088e117520553ceb7fa5

[R/Package/class]
Package=class
Version=7.3-15
Source=CRAN
Hash=4878ea322bdd292b96affa71fd4332bd

[R/Package/classInt]
Package=classInt
Version=0.3-3
Source=CRAN
Hash=021120b7556d1e69696fd40122115434

[R/Package/cli]
Package=cli
Version=1.1.0
Source=CRAN
Hash=ca8cae9892a09cc014898470df415add

[R/Package/colorspace]
Package=colorspace
Version=1.4-1
Source=CRAN
Hash=c25d49739abb6ebf4b3d0c3565574226

[R/Package/crayon]
Package=crayon
Version=1.3.4
Source=CRAN
Hash=3fa6f9cda30a77d5d0e3b1edb1fcf949

[R/Package/curl]
Package=curl
Version=3.3
Source=CRAN
Hash=208293ffee1d8d6988ec5bcbf7bed49e

[R/Package/digest]
Package=digest
Version=0.6.19
Source=CRAN
Hash=2e0bb891e01c4e3f1132304cf5dd4aaa

[R/Package/dplyr]
Package=dplyr
Version=0.8.2
Source=CRAN
Hash=05f1414ba1d35102444ba00bdc60c5dd

[R/Package/e1071]
Package=e1071
Version=1.7-2
Source=CRAN
Hash=d3ad43735411ce3b5e3778e791991beb

[R/Package/fansi]
Package=fansi
Version=0.4.0
Source=CRAN
Hash=cd87b0162287f0da225edfaa2fd3a20c

[R/Package/ggplot2]
Package=ggplot2
Version=3.2.0
Source=CRAN
Hash=e3b95a7458944efa0ebbb903bcdbe168

[R/Package/ggspatial]
Package=ggspatial
Version=1.0.3
Source=CRAN
Hash=a2c7f4724d547be4e8281656e4e0d3b3

[R/Package/glue]
Package=glue
Version=1.3.1
Source=CRAN
Hash=e8436e647719b7c9d01409767cd88cc8

[R/Package/gtable]
Package=gtable
Version=0.3.0
Source=CRAN
Hash=6a58b2980a57345822ec5f9c7d2d1751

[R/Package/here]
Package=here
Version=0.1
Source=CRAN
Hash=fabf4a569e93a85dc38c252a5026eb50

[R/Package/httr]
Package=httr
Version=1.4.0
Source=CRAN
Hash=4a241c31afac61ea4a8a672aa5b0b098

[R/Package/jpeg]
Package=jpeg
Version=0.1-8
Source=CRAN
Hash=c5744e03e8ed29c1b66dc47d6cf1b2c8

[R/Package/jsonlite]
Package=jsonlite
Version=1.6
Source=CRAN
Hash=b7e67b6a7bc2fdae729c0f3ff9026a8a

[R/Package/labeling]
Package=labeling
Version=0.3
Source=CRAN
Hash=e1f613894f080d1eee41c34b281a2184

[R/Package/lattice]
Package=lattice
Version=0.20-38
Source=CRAN
Hash=6f7aa123115b33bc9ad1ca800874b1de

[R/Package/lazyeval]
Package=lazyeval
Version=0.2.2
Source=CRAN
Hash=d2f5e98b8b7ae633e252830c3243c2ab

[R/Package/magrittr]
Package=magrittr
Version=1.5
Source=CRAN
Hash=dee1d97cffddfd3ed969e224bd0826d0

[R/Package/mgcv]
Package=mgcv
Version=1.8-28
Source=CRAN
Hash=6ac256e4fdcf33c11f9ed987927cc614

[R/Package/mime]
Package=mime
Version=0.7
Source=CRAN
Hash=908d95ccbfd1dd274073ef07a7c93934

[R/Package/munsell]
Package=munsell
Version=0.5.0
Source=CRAN
Hash=9111af6c6dec65538ebd3de6c0bae864

[R/Package/nlme]
Package=nlme
Version=3.1-140
Source=CRAN
Hash=3135eb78c06c23114feeb1dc7eccc2e5

[R/Package/openssl]
Package=openssl
Version=1.4
Source=CRAN
Hash=47db5d3cd9a56588a3140eb5716bd03e

[R/Package/pillar]
Package=pillar
Version=1.4.2
Source=CRAN
Hash=0d937881016388e1be671cbaad19ab8d

[R/Package/pkgconfig]
Package=pkgconfig
Version=2.0.2
Source=CRAN
Hash=a9c3905822c12b8ad5f5bef850d1b45b

[R/Package/plogr]
Package=plogr
Version=0.2.0
Source=CRAN
Hash=93a51eac010f95e86be34a019a9fd2cb

[R/Package/plyr]
Package=plyr
Version=1.8.4
Source=CRAN
Hash=37dd0f3aadee2ac99e47168f4bffddb7

[R/Package/png]
Package=png
Version=0.1-7
Source=CRAN
Hash=2facb7d8929420c91d1ddc8d4636f787

[R/Package/prettymapr]
Package=prettymapr
Version=0.2.2
Source=CRAN
Hash=d7c3ed606980a4b847e891c86c3a546d

[R/Package/purrr]
Package=purrr
Version=0.3.2
Source=CRAN
Hash=c360ab7eabd6e38a83f2475eb97c6344

[R/Package/raster]
Package=raster
Version=2.9-5
Source=CRAN
Hash=d2f57c6253fb3f960272d6bf0ed20a82

[R/Package/reshape2]
Package=reshape2
Version=1.4.3
Source=CRAN
Hash=ac685130d1a25e3f6470960fd29c5693

[R/Package/rgdal]
Package=rgdal
Version=1.4-4
Source=CRAN
Hash=58aadc4b0b11f9faaf8eaec588c0dd2a

[R/Package/rgeos]
Package=rgeos
Version=0.4-3
Source=CRAN
Hash=84f2bfef5c1268e42a076c2d4d0a06d7

[R/Package/rjson]
Package=rjson
Version=0.2.20
Source=CRAN
Hash=d3349736ec0f60d05591c316b926382e

[R/Package/rlang]
Package=rlang
Version=0.4.0
Source=CRAN
Hash=8f1bf3a54c8844dc254baabba61cb6a9

[R/Package/rnaturalearth]
Package=rnaturalearth
Version=0.1.0
Source=CRAN
Hash=6f653754795db54bea3c7cca5acc6ca6

[R/Package/rnaturalearthdata]
Package=rnaturalearthdata
Version=0.1.0
Source=CRAN
Hash=d78c148609a713aeded0095039591a48

[R/Package/rosm]
Package=rosm
Version=0.2.4
Source=CRAN
Hash=c9bcb100bca8fe7d4583656c63fd8a1c

[R/Package/rprojroot]
Package=rprojroot
Version=1.3-2
Source=CRAN
Hash=aabecf1380683e49f6da7f3d7a3e69d2

[R/Package/scales]
Package=scales
Version=1.0.0
Source=CRAN
Hash=a96e9571cd875b7b934990d85b7a3c18

[R/Package/sf]
Package=sf
Version=0.7-4
Source=CRAN
Hash=b2d8a304e29504e0c3eec4e645dfc066

[R/Package/sp]
Package=sp
Version=1.3-1
Source=CRAN
Hash=a8e1d618f252db052d85391d528c256f

[R/Package/stringi]
Package=stringi
Version=1.4.3
Source=CRAN
Hash=113506f116db9dd5bd1caf46884e0647

[R/Package/stringr]
Package=stringr
Version=1.4.0
Source=CRAN
Hash=41d6310ad18bd019a203d7adc496a28b

[R/Package/sys]
Package=sys
Version=3.2
Source=CRAN
Hash=01ca73e772ccdd194ad4b52c51145d0e

[R/Package/tibble]
Package=tibble
Version=2.1.3
Source=CRAN
Hash=24e7de5ff617b10ae7455b81131b5a54

[R/Package/tidyr]
Package=tidyr
Version=0.8.3
Source=CRAN
Hash=51442fddca0f783dce03baffbe5b790b

[R/Package/tidyselect]
Package=tidyselect
Version=0.2.5
Source=CRAN
Hash=dc3fcbc21f04b293e0794e24982cf357

[R/Package/units]
Package=units
Version=0.6-3
Source=CRAN
Hash=a90e5e9fd8652ada77b8baf777f7a1f0

[R/Package/utf8]
Package=utf8
Version=1.1.4
Source=CRAN
Hash=3f1a5a5b184f63379f8e6c08d5036c53

[R/Package/vctrs]
Package=vctrs
Version=0.1.0
Source=CRAN
Hash=990e11a7c6454ee32e2821f1a34fac94

[R/Package/viridisLite]
Package=viridisLite
Version=0.3.0
Source=CRAN
Hash=9cdc281be942ca5c7ed232951f7cd001

[R/Package/withr]
Package=withr
Version=2.1.2
Source=CRAN
Hash=437dd637b5e75520a5d93c24f5bc0b17

[R/Package/zeallot]
Package=zeallot
Version=0.1.0
Source=CRAN
Hash=45d65588b02d47970fc84adecb2ee664

