[renv]
Version=0.5.0-61

[R]
Version=3.6.1
Repositories=
	CRAN=https://cran.rstudio.com/

[Bioconductor]
Repositories=BioCsoft=https://bioconductor.org/packages/3.9/bioc
	BioCann=https://bioconductor.org/packages/3.9/data/annotation
	BioCexp=https://bioconductor.org/packages/3.9/data/experiment
	BioCworkflows=https://bioconductor.org/packages/3.9/workflows
	CRAN=https://cran.rstudio.com/

[R/Package/Bchron]
Package=Bchron
Version=4.3.0
Source=CRAN
Hash=e1d202789749a42a4507fc9835a35bf8

[R/Package/MASS]
Package=MASS
Version=7.3-51.4
Source=CRAN
Hash=a489ad42493fa9bfac8f3e3a3bc7d4ca

[R/Package/Rcpp]
Package=Rcpp
Version=1.0.2
Source=CRAN
Hash=c25fa7d5684fa7001ddfea3755243975

[R/Package/classInt]
Package=classInt
Version=0.4-1
Source=CRAN
Hash=faaf466d75e952abc274d1c0b1d91228

[R/Package/coda]
Package=coda
Version=0.19-3
Source=CRAN
Hash=a286fe19601803ce6d2cb5f35e07629c

[R/Package/curl]
Package=curl
Version=4.0
Source=CRAN
Hash=7dc1d02a04a75510424d2c7404fadfa7

[R/Package/digest]
Package=digest
Version=0.6.20
Source=CRAN
Hash=e90f6670040b5aec92425051fc13ac1c

[R/Package/dplyr]
Package=dplyr
Version=0.8.3
Source=CRAN
Hash=17783831e1e918ab250dcae5dd9c6e03

[R/Package/ellipse]
Package=ellipse
Version=0.4.1
Source=CRAN
Hash=a120f41d782609f54ffbd5ad865ddc5f

[R/Package/ellipsis]
Package=ellipsis
Version=0.2.0.1
Source=CRAN
Hash=a7a9b2ae023bf012744c480d3388c0c8

[R/Package/ggplot2]
Package=ggplot2
Version=3.2.1
Source=CRAN
Hash=635db021d29f3523c4f88e82d0c01c5e

[R/Package/ggsn]
Package=ggsn
Version=0.5.2
Source=GitHub
RemoteType=github
RemoteHost=api.github.com
RemoteRepo=ggsn
RemoteUsername=oswaldosantos
RemoteRef=master
RemoteSha=ede12edfc1f3ea3a04c062fac3222dbb9ad53a1d
Hash=c4363c2daf03ac9f4a0b105fccb51905

[R/Package/httr]
Package=httr
Version=1.4.1
Source=CRAN
Hash=5dbd937df2ed15043fd4b49e1e217030

[R/Package/lattice]
Package=lattice
Version=0.20-38
Source=CRAN
Hash=6f7aa123115b33bc9ad1ca800874b1de

[R/Package/mclust]
Package=mclust
Version=5.4.5
Source=CRAN
Hash=32b87dd2afe6ab5a2dfa3ec56a755183

[R/Package/openssl]
Package=openssl
Version=1.4.1
Source=CRAN
Hash=6c438de366d5693238d1c400deb66cb6

[R/Package/pillar]
Package=pillar
Version=1.4.2
Source=CRAN
Hash=57645ff795277554eee14df5bcee8025

[R/Package/sf]
Package=sf
Version=0.7-7
Source=CRAN
Hash=8544364b75661f709f5a31cbd0716ea2

[R/Package/vctrs]
Package=vctrs
Version=0.2.0
Source=CRAN
Hash=4bdc6a6c4c5a434d880b73817d4ea641

