[renv]
Version=0.5.0-61

[R]
Version=3.6.0
Repositories=
	CRAN=https://cran.rstudio.com/

[Bioconductor]
Repositories=
	BioCsoft=https://bioconductor.org/packages/3.9/bioc
	BioCann=https://bioconductor.org/packages/3.9/data/annotation
	BioCexp=https://bioconductor.org/packages/3.9/data/experiment
	BioCworkflows=https://bioconductor.org/packages/3.9/workflows
	CRAN=https://cran.rstudio.com/

[R/Package/BH]
Package=BH
Version=1.69.0-1
Source=CRAN
Hash=0fde015f5153e51df44981da0767f522

[R/Package/DBI]
Package=DBI
Version=1.0.0
Source=CRAN
Hash=2b2b6ea2111e1e57e192765d5013a3c5

[R/Package/KernSmooth]
Package=KernSmooth
Version=2.23-15
Source=CRAN
Hash=1abaf80e4ce51c982446637b6cf236bb

[R/Package/MASS]
Package=MASS
Version=7.3-51.4
Source=CRAN
Hash=a489ad42493fa9bfac8f3e3a3bc7d4ca

[R/Package/Matrix]
Package=Matrix
Version=1.2-17
Source=CRAN
Hash=a60009c832f495604f54399f21d89cc8

[R/Package/OpenStreetMap]
Package=OpenStreetMap
Version=0.3.4
Source=CRAN
Hash=dadbd7e9ed45e578f4ec9a1d3ca3e3e5

[R/Package/R6]
Package=R6
Version=2.4.0
Source=CRAN
Hash=92b50d943a7c76c67918c1e1beb68627

[R/Package/RColorBrewer]
Package=RColorBrewer
Version=1.1-2
Source=CRAN
Hash=f8a3bcc800d613797f1dfdf8ef4f0bfc

[R/Package/Rcpp]
Package=Rcpp
Version=1.0.1
Source=CRAN
Hash=94bf4b635dd6abac1765cff90ba98235

[R/Package/RgoogleMaps]
Package=RgoogleMaps
Version=1.4.3
Source=CRAN
Hash=644ec9ddaea2d24b8c07d5491e78d650

[R/Package/abind]
Package=abind
Version=1.4-5
Source=CRAN
Hash=14cdb8eed4adcbe6e463b0dd82bd778c

[R/Package/askpass]
Package=askpass
Version=1.1
Source=CRAN
Hash=46678e19f261db289be40292d8e5d5bf

[R/Package/assertthat]
Package=assertthat
Version=0.2.1
Source=CRAN
Hash=19fb3d0ad048b4eb1a05cacffbae1f66

[R/Package/backports]
Package=backports
Version=1.1.4
Source=CRAN
Hash=2a78bf0825e0088e117520553ceb7fa5

[R/Package/base64enc]
Package=base64enc
Version=0.1-3
Source=CRAN
Hash=d355963b4b1c3039bfe8d65611a11cca

[R/Package/bitops]
Package=bitops
Version=1.0-6
Source=CRAN
Hash=62408262624d9f8e436f51ca901424e2

[R/Package/bookdown]
Package=bookdown
Version=0.11
Source=CRAN
Hash=28a2253482c3ac8143c3b7739b31d470

[R/Package/brew]
Package=brew
Version=1.0-6
Source=CRAN
Hash=190fd31e9253446523a8ee4642229516

[R/Package/broom]
Package=broom
Version=0.5.2
Source=CRAN
Hash=a6cfb50e5172a20815db00739aab4e78

[R/Package/callr]
Package=callr
Version=3.2.0
Source=CRAN
Hash=f1e3e635828bc08b88fc70a722800df5

[R/Package/cartography]
Package=cartography
Version=2.2.0
Source=CRAN
Hash=bf648c1ea0591bb2b54cd8f9cf1d6fd1

[R/Package/cellranger]
Package=cellranger
Version=1.1.0.9000
Source=GitHub
RemoteType=github
RemoteHost=api.github.com
RemoteRepo=cellranger
RemoteUsername=rsheets
RemoteRef=master
RemoteSha=7ecde54c70c9a66833e49bf2c874bb4a4fcc75f3
Hash=991b4d76e4ac68a7de1dbf464a419325

[R/Package/class]
Package=class
Version=7.3-15
Source=CRAN
Hash=4878ea322bdd292b96affa71fd4332bd

[R/Package/classInt]
Package=classInt
Version=0.3-3
Source=CRAN
Hash=021120b7556d1e69696fd40122115434

[R/Package/cli]
Package=cli
Version=1.1.0
Source=CRAN
Hash=9b3dc7798f53ba3050b41ce4a3febdc5

[R/Package/clipr]
Package=clipr
Version=0.6.0
Source=CRAN
Hash=1b4c6b49dca948d2f95a741ae8f52edd

[R/Package/clisymbols]
Package=clisymbols
Version=1.2.0
Source=CRAN
Hash=ce91c46caba29e30c44cfd87659bf8a4

[R/Package/colorspace]
Package=colorspace
Version=1.4-1
Source=CRAN
Hash=c25d49739abb6ebf4b3d0c3565574226

[R/Package/commonmark]
Package=commonmark
Version=1.7
Source=CRAN
Hash=af7f698e0328e0474f794452177deca6

[R/Package/cowplot]
Package=cowplot
Version=0.9.4
Source=CRAN
Hash=748194820aa17ed96b151582c1bae031

[R/Package/crayon]
Package=crayon
Version=1.3.4
Source=GitHub
RemoteType=github
RemoteHost=api.github.com
RemoteRepo=crayon
RemoteUsername=gaborcsardi
RemoteRef=master
RemoteSha=84be62074ad5b3ede54dd035ef4003f808f34f12
Hash=dacb566d86e7241bb2f810edea4cbf2d

[R/Package/curl]
Package=curl
Version=3.3
Source=CRAN
Hash=208293ffee1d8d6988ec5bcbf7bed49e

[R/Package/data.table]
Package=data.table
Version=1.12.2
Source=CRAN
Hash=f2f76b5c5394350c4d4ee77dab51d35c

[R/Package/dbplyr]
Package=dbplyr
Version=1.4.2
Source=CRAN
Hash=aa3740879c38e6c11a93bd981521035a

[R/Package/deldir]
Package=deldir
Version=0.1-21
Source=CRAN
Hash=948ee11f63fc915601a7c3240dd91c94

[R/Package/desc]
Package=desc
Version=1.2.0
Source=CRAN
Hash=0119aa659b9c1db195b4bd7c617d18c0

[R/Package/devtools]
Package=devtools
Version=2.0.2
Source=CRAN
Hash=7c464263bfa1c55ebada53c6d851812f

[R/Package/digest]
Package=digest
Version=0.6.19
Source=CRAN
Hash=2e0bb891e01c4e3f1132304cf5dd4aaa

[R/Package/dplyr]
Package=dplyr
Version=0.8.1
Source=CRAN
Hash=5bb882b8309b2967785c3685ab36ec4d

[R/Package/e1071]
Package=e1071
Version=1.7-2
Source=CRAN
Hash=d3ad43735411ce3b5e3778e791991beb

[R/Package/ellipsis]
Package=ellipsis
Version=0.2.0
Source=CRAN
Hash=a945d084a8d079856ac566988b79416e

[R/Package/evaluate]
Package=evaluate
Version=0.14
Source=CRAN
Hash=5a6c1949963e0785dbcbb0556337d61e

[R/Package/fansi]
Package=fansi
Version=0.4.0
Source=CRAN
Hash=cd87b0162287f0da225edfaa2fd3a20c

[R/Package/farver]
Package=farver
Version=1.1.0
Source=CRAN
Hash=d9bf0922f00c345bef1559e9cfc0846b

[R/Package/forcats]
Package=forcats
Version=0.4.0
Source=CRAN
Hash=4d7e4a2ed5adadda6714eb7b9361213b

[R/Package/foreign]
Package=foreign
Version=0.8-71
Source=CRAN
Hash=0a3e9cb4f946d20e3ce0eae1ae17c746

[R/Package/fs]
Package=fs
Version=1.3.1
Source=CRAN
Hash=dba7e43c4103d978cb7c95b97987cc68

[R/Package/generics]
Package=generics
Version=0.0.2
Source=CRAN
Hash=4e8e453aff36dd8ddac10ff157083e4f

[R/Package/gganimate]
Package=gganimate
Version=1.0.3
Source=CRAN
Hash=bad15a2f143a870b1177ca139cba8ede

[R/Package/ggmap]
Package=ggmap
Version=3.0.0
Source=CRAN
Hash=d68d8ab1cc5a542bb53a0a0b80b355b6

[R/Package/ggplot2]
Package=ggplot2
Version=3.2.0
Source=CRAN
Hash=e3b95a7458944efa0ebbb903bcdbe168

[R/Package/ggspatial]
Package=ggspatial
Version=1.0.3
Source=CRAN
Hash=a2c7f4724d547be4e8281656e4e0d3b3

[R/Package/gh]
Package=gh
Version=1.0.1
Source=CRAN
Hash=3fc5d4d6893bd1598318a35def5e9d23

[R/Package/git2r]
Package=git2r
Version=0.25.2
Source=CRAN
Hash=1abf4306c489a2f233fd559ed5cdea21

[R/Package/glue]
Package=glue
Version=1.3.1
Source=CRAN
Hash=e8436e647719b7c9d01409767cd88cc8

[R/Package/goftest]
Package=goftest
Version=1.1-1
Source=CRAN
Hash=d6689492dfe454cd354b14221f3dbbe4

[R/Package/gtable]
Package=gtable
Version=0.3.0
Source=CRAN
Hash=6a58b2980a57345822ec5f9c7d2d1751

[R/Package/haven]
Package=haven
Version=2.1.0
Source=CRAN
Hash=31d8409661441373cefa83f4edcc47d9

[R/Package/here]
Package=here
Version=0.1
Source=CRAN
Hash=17102304d55b3242d6199cddc0fd79f7

[R/Package/highr]
Package=highr
Version=0.8
Source=CRAN
Hash=43e36bc8bca1d8256f86933659c46349

[R/Package/hms]
Package=hms
Version=0.4.2
Source=CRAN
Hash=027298fb177899be8299a815a8d5495d

[R/Package/htmltools]
Package=htmltools
Version=0.3.6
Source=CRAN
Hash=5132526e7fb28a2c20d1ef443d5c4644

[R/Package/httpuv]
Package=httpuv
Version=1.5.1
Source=CRAN
Hash=3e4206eb62d89401a2a990eba9b3ecac

[R/Package/httr]
Package=httr
Version=1.4.0
Source=CRAN
Hash=4a241c31afac61ea4a8a672aa5b0b098

[R/Package/ini]
Package=ini
Version=0.3.1
Source=CRAN
Hash=4a15d8cfc931554fb2e71d66c1313b45

[R/Package/jpeg]
Package=jpeg
Version=0.1-8
Source=CRAN
Hash=c5744e03e8ed29c1b66dc47d6cf1b2c8

[R/Package/jsonlite]
Package=jsonlite
Version=1.6
Source=CRAN
Hash=b7e67b6a7bc2fdae729c0f3ff9026a8a

[R/Package/knitr]
Package=knitr
Version=1.23
Source=CRAN
Hash=39893fe4cbbdca3fce7d9dbdef808cd1

[R/Package/koRpus]
Package=koRpus
Version=0.11-5
Source=CRAN
Hash=6190f6fc6c550767e4f90a7051ee6bfd

[R/Package/koRpus.lang.en]
Package=koRpus.lang.en
Version=0.1-3
Source=CRAN
Hash=e8f94bb0443dd59bbaa4e5da3e780224

[R/Package/labeling]
Package=labeling
Version=0.3
Source=CRAN
Hash=e1f613894f080d1eee41c34b281a2184

[R/Package/later]
Package=later
Version=0.8.0
Source=CRAN
Hash=4d5b806a328e0da75f0f0d4653676552

[R/Package/lattice]
Package=lattice
Version=0.20-38
Source=CRAN
Hash=6f7aa123115b33bc9ad1ca800874b1de

[R/Package/lazyeval]
Package=lazyeval
Version=0.2.2
Source=CRAN
Hash=d2f5e98b8b7ae633e252830c3243c2ab

[R/Package/lubridate]
Package=lubridate
Version=1.7.4
Source=CRAN
Hash=d55fdb3732a8f047e49b86064dd78984

[R/Package/magrittr]
Package=magrittr
Version=1.5
Source=CRAN
Hash=dee1d97cffddfd3ed969e224bd0826d0

[R/Package/maptools]
Package=maptools
Version=0.9-5
Source=CRAN
Hash=79431ccd208e6158fce9f6e0ee81299b

[R/Package/markdown]
Package=markdown
Version=1.0
Source=CRAN
Hash=4584a57f565dd7987d59dda3a02cfb41

[R/Package/memoise]
Package=memoise
Version=1.1.0
Source=CRAN
Hash=22ca9b285c10f5dd8c4d1e90231ce558

[R/Package/mgcv]
Package=mgcv
Version=1.8-28
Source=CRAN
Hash=6ac256e4fdcf33c11f9ed987927cc614

[R/Package/mime]
Package=mime
Version=0.7
Source=CRAN
Hash=908d95ccbfd1dd274073ef07a7c93934

[R/Package/miniUI]
Package=miniUI
Version=0.1.1.1
Source=CRAN
Hash=53236ac4d8dcc50446bbb83c45e024cd

[R/Package/modelr]
Package=modelr
Version=0.1.4
Source=CRAN
Hash=4e872a6c94b3fe47bb022010fd131d4b

[R/Package/munsell]
Package=munsell
Version=0.5.0
Source=CRAN
Hash=9111af6c6dec65538ebd3de6c0bae864

[R/Package/nlme]
Package=nlme
Version=3.1-140
Source=CRAN
Hash=ad3b02c6f154deac3584133e6e015cd3

[R/Package/openssl]
Package=openssl
Version=1.4
Source=CRAN
Hash=47db5d3cd9a56588a3140eb5716bd03e

[R/Package/pillar]
Package=pillar
Version=1.4.1
Source=CRAN
Hash=d72f94f538fbefc19f0c212a7117da00

[R/Package/pkgbuild]
Package=pkgbuild
Version=1.0.3
Source=CRAN
Hash=1e8100d85ef7b9cddded115d62d7365a

[R/Package/pkgconfig]
Package=pkgconfig
Version=2.0.2
Source=CRAN
Hash=2dd2d8867e4f0173ea2ce029d630a086

[R/Package/pkgload]
Package=pkgload
Version=1.0.2
Source=CRAN
Hash=f214a72af3442fdd3396ceccbb7d7f44

[R/Package/plogr]
Package=plogr
Version=0.2.0
Source=CRAN
Hash=1a8304cc1382ef64e3b710ba589d7bc0

[R/Package/plyr]
Package=plyr
Version=1.8.4
Source=CRAN
Hash=37dd0f3aadee2ac99e47168f4bffddb7

[R/Package/png]
Package=png
Version=0.1-7
Source=CRAN
Hash=2facb7d8929420c91d1ddc8d4636f787

[R/Package/polyclip]
Package=polyclip
Version=1.10-0
Source=CRAN
Hash=16b33ad02d2d189ec057cfd731da86a6

[R/Package/prettymapr]
Package=prettymapr
Version=0.2.2
Source=CRAN
Hash=d7c3ed606980a4b847e891c86c3a546d

[R/Package/prettyunits]
Package=prettyunits
Version=1.0.2
Source=CRAN
Hash=33ce93b23647e85c127f8e1bb08604fc

[R/Package/processx]
Package=processx
Version=3.3.1
Source=CRAN
Hash=6cb4a4d0e13190ea58a2ed9e39adf967

[R/Package/progress]
Package=progress
Version=1.2.2
Source=CRAN
Hash=e8c47e04650b07d40c3c50a878a4dffa

[R/Package/promises]
Package=promises
Version=1.0.1
Source=CRAN
Hash=f80d162b7cef7e36a0134d1f1084e36d

[R/Package/ps]
Package=ps
Version=1.3.0
Source=CRAN
Hash=a38f3fd447d1595a3da538910054b911

[R/Package/purrr]
Package=purrr
Version=0.3.2
Source=CRAN
Hash=c360ab7eabd6e38a83f2475eb97c6344

[R/Package/rJava]
Package=rJava
Version=0.9-11
Source=CRAN
Hash=4b95199d95a7ca8f00e2efdc3b5f2726

[R/Package/raster]
Package=raster
Version=2.9-5
Source=CRAN
Hash=d2f57c6253fb3f960272d6bf0ed20a82

[R/Package/rcmdcheck]
Package=rcmdcheck
Version=1.3.3
Source=CRAN
Hash=577b91be8aea851ea27aad3585adef05

[R/Package/readr]
Package=readr
Version=1.3.1
Source=CRAN
Hash=60167b7ec3de99e76ff406aaf0f83bb4

[R/Package/readxl]
Package=readxl
Version=1.3.1
Source=CRAN
Hash=8a8b4695e87c90cc9423eb8994e76819

[R/Package/rematch]
Package=rematch
Version=1.0.1
Source=CRAN
Hash=d3d55a556f7f2e74f449d6a53b8abf8e

[R/Package/rematch2]
Package=rematch2
Version=2.0.1
Source=CRAN
Hash=973567d198544c96d683db46e1adf7d6

[R/Package/remotes]
Package=remotes
Version=2.1.0
Source=CRAN
Hash=830aa73278dce9beba583bfe57a5c015

[R/Package/reprex]
Package=reprex
Version=0.3.0
Source=CRAN
Hash=e5c16307a512cdaea9adddacde0671af

[R/Package/reshape2]
Package=reshape2
Version=1.4.3
Source=CRAN
Hash=ac685130d1a25e3f6470960fd29c5693

[R/Package/rgdal]
Package=rgdal
Version=1.4-4
Source=CRAN
Hash=58aadc4b0b11f9faaf8eaec588c0dd2a

[R/Package/rgeos]
Package=rgeos
Version=0.4-3
Source=CRAN
Hash=84f2bfef5c1268e42a076c2d4d0a06d7

[R/Package/rjson]
Package=rjson
Version=0.2.20
Source=CRAN
Hash=d3349736ec0f60d05591c316b926382e

[R/Package/rlang]
Package=rlang
Version=0.4.0
Source=CRAN
Hash=8f1bf3a54c8844dc254baabba61cb6a9

[R/Package/rmarkdown]
Package=rmarkdown
Version=1.13
Source=CRAN
Hash=d91e5ea62ea410cd5c04e1be6a7c273d

[R/Package/rnaturalearth]
Package=rnaturalearth
Version=0.1.0
Source=CRAN
Hash=6f653754795db54bea3c7cca5acc6ca6

[R/Package/rnaturalearthdata]
Package=rnaturalearthdata
Version=0.1.0
Source=CRAN
Hash=d78c148609a713aeded0095039591a48

[R/Package/rosm]
Package=rosm
Version=0.2.4
Source=CRAN
Hash=4e925db75970da255e5092dcc0fbae47

[R/Package/roxygen2]
Package=roxygen2
Version=6.1.1
Source=CRAN
Hash=5c44ac973ec9b56efd7990e4b4464699

[R/Package/rpart]
Package=rpart
Version=4.1-15
Source=CRAN
Hash=0d0e7f0e3c22944bb9bf67d0d5636e50

[R/Package/rprojroot]
Package=rprojroot
Version=1.3-2
Source=CRAN
Hash=5382761b8b318da6dd3fb0f6dae3c43a

[R/Package/rstudioapi]
Package=rstudioapi
Version=0.10
Source=CRAN
Hash=04552808fd065fdf0fec7bad340eb83c

[R/Package/rvest]
Package=rvest
Version=0.3.4
Source=CRAN
Hash=76bb112bc3833454dc701230aa9cb3ed

[R/Package/scales]
Package=scales
Version=1.0.0
Source=CRAN
Hash=a96e9571cd875b7b934990d85b7a3c18

[R/Package/selectr]
Package=selectr
Version=0.4-1
Source=CRAN
Hash=40ccee5dc2b97e197648525aefcfd0ba

[R/Package/sessioninfo]
Package=sessioninfo
Version=1.1.1
Source=CRAN
Hash=017efbc7877606b886a2fb3d01c0bbda

[R/Package/sf]
Package=sf
Version=0.7-4
Source=CRAN
Hash=63f252f2d7242cb2c90759d5c85549b2

[R/Package/shiny]
Package=shiny
Version=1.3.2
Source=CRAN
Hash=3f96ad878877e005bcf6093c5c7efd9e

[R/Package/sourcetools]
Package=sourcetools
Version=0.1.7
Source=CRAN
Hash=fc68fa34b8576eaa5a845a46ad75e214

[R/Package/sp]
Package=sp
Version=1.3-1
Source=CRAN
Hash=a8e1d618f252db052d85391d528c256f

[R/Package/spatstat]
Package=spatstat
Version=1.60-1
Source=CRAN
Hash=3e863020e0029987948c2b84e936c969

[R/Package/spatstat.data]
Package=spatstat.data
Version=1.4-0
Source=CRAN
Hash=21c8d2de9c5577bdcf47a3a711061454

[R/Package/spatstat.utils]
Package=spatstat.utils
Version=1.13-0
Source=CRAN
Hash=80a10e198897671852aee7344a4e12cc

[R/Package/stringi]
Package=stringi
Version=1.4.3
Source=CRAN
Hash=113506f116db9dd5bd1caf46884e0647

[R/Package/stringr]
Package=stringr
Version=1.4.0
Source=CRAN
Hash=41d6310ad18bd019a203d7adc496a28b

[R/Package/sylly]
Package=sylly
Version=0.1-5
Source=CRAN
Hash=412a142879825f316bc556431f34a2ef

[R/Package/sylly.en]
Package=sylly.en
Version=0.1-3
Source=CRAN
Hash=18b77468d5fca64be75f9d88e4a04d1f

[R/Package/sys]
Package=sys
Version=3.2
Source=CRAN
Hash=272daf1b3ba287a42d02e33c89870eae

[R/Package/tensor]
Package=tensor
Version=1.5
Source=CRAN
Hash=267161c917d88f3482f0a7d183ab1d0a

[R/Package/tibble]
Package=tibble
Version=2.1.3
Source=CRAN
Hash=a8d41bd284e21ab7e776d228dc5bac91

[R/Package/tidyr]
Package=tidyr
Version=0.8.3
Source=CRAN
Hash=51442fddca0f783dce03baffbe5b790b

[R/Package/tidyselect]
Package=tidyselect
Version=0.2.5
Source=CRAN
Hash=dc3fcbc21f04b293e0794e24982cf357

[R/Package/tidyverse]
Package=tidyverse
Version=1.2.1
Source=CRAN
Hash=ec414bb606232eb2f242f4e49706a0da

[R/Package/tinytex]
Package=tinytex
Version=0.14
Source=CRAN
Hash=8b44776bb72008230fc51a956870741e

[R/Package/tweenr]
Package=tweenr
Version=1.0.1
Source=CRAN
Hash=058315498c8c88670cbdf61bcbd71bbb

[R/Package/units]
Package=units
Version=0.6-3
Source=CRAN
Hash=ffe2c5dc0431a01c4c14c3d2e04c53fa

[R/Package/usethis]
Package=usethis
Version=1.5.0
Source=CRAN
Hash=fb5acd04604da18ce5bc4db926d4037d

[R/Package/utf8]
Package=utf8
Version=1.1.4
Source=CRAN
Hash=3f1a5a5b184f63379f8e6c08d5036c53

[R/Package/vctrs]
Package=vctrs
Version=0.1.0
Source=CRAN
Hash=990e11a7c6454ee32e2821f1a34fac94

[R/Package/viridisLite]
Package=viridisLite
Version=0.3.0
Source=CRAN
Hash=1f264fa42320c4f44b1689d89101e823

[R/Package/whisker]
Package=whisker
Version=0.3-2
Source=CRAN
Hash=c6d8a035a88c6e3222f0efaac18406f6

[R/Package/withr]
Package=withr
Version=2.1.2
Source=CRAN
Hash=7c9aef08038f47e6c1532ed574a0e087

[R/Package/wordcountaddin]
Package=wordcountaddin
Version=0.3.0.9000
Source=GitHub
RemoteType=github
RemoteHost=api.github.com
RemoteRepo=wordcountaddin
RemoteUsername=benmarwick
RemoteRef=master
RemoteSha=d878bed253a164744df95b1bdc9125870a3f2c64
Hash=04ee385f711ac288c5094995a10af866

[R/Package/xfun]
Package=xfun
Version=0.8
Source=CRAN
Hash=56f4a24b253e08ec48a45ec0eb60653d

[R/Package/xml2]
Package=xml2
Version=1.2.0.9000
Source=GitHub
RemoteType=github
RemoteHost=api.github.com
RemoteRepo=xml2
RemoteUsername=hadley
RemoteRef=master
RemoteSha=e051ffa6577f5fdd6e3a565981791d54fab74140
Hash=e06ba2dfe169b92026af0d2aa7463442

[R/Package/xopen]
Package=xopen
Version=1.0.0
Source=CRAN
Hash=ec32d86b4bcfa2cfa648dc0e1e46e24d

[R/Package/xtable]
Package=xtable
Version=1.8-4
Source=CRAN
Hash=48f60fcc0974ce72870076d48038df2d

[R/Package/yaml]
Package=yaml
Version=2.2.0
Source=CRAN
Hash=3a313c96061c4ac790de611dc57ebd1f

[R/Package/zeallot]
Package=zeallot
Version=0.1.0
Source=CRAN
Hash=45d65588b02d47970fc84adecb2ee664

